
Microsoft Visual Studio Solution File, Format Version 12.00
# Visual Studio Version 17
VisualStudioVersion = 17.8.34322.80
MinimumVisualStudioVersion = 10.0.40219.1
Project("{FAE04EC0-301F-11D3-BF4B-00C04F79EFBC}") = "Won7Project", "Won7Project\Won7Project.csproj", "{7D921618-8AE8-4BBA-BE89-7E51E4122729}"
EndProject
Project("{FAE04EC0-301F-11D3-BF4B-00C04F79EFBC}") = "ConsoleApp1", "ConsoleApp1\ConsoleApp1.csproj", "{362A624D-0D5A-4B24-B554-0F9B4AF5AD50}"
EndProject
Global
	GlobalSection(SolutionConfigurationPlatforms) = preSolution
		Debug|Any CPU = Debug|Any CPU
		Release|Any CPU = Release|Any CPU
	EndGlobalSection
	GlobalSection(ProjectConfigurationPlatforms) = postSolution
		{7D921618-8AE8-4BBA-BE89-7E51E4122729}.Debug|Any CPU.ActiveCfg = Debug|Any CPU
		{7D921618-8AE8-4BBA-BE89-7E51E4122729}.Debug|Any CPU.Build.0 = Debug|Any CPU
		{7D921618-8AE8-4BBA-BE89-7E51E4122729}.Release|Any CPU.ActiveCfg = Release|Any CPU
		{7D921618-8AE8-4BBA-BE89-7E51E4122729}.Release|Any CPU.Build.0 = Release|Any CPU
		{362A624D-0D5A-4B24-B554-0F9B4AF5AD50}.Debug|Any CPU.ActiveCfg = Debug|Any CPU
		{362A624D-0D5A-4B24-B554-0F9B4AF5AD50}.Debug|Any CPU.Build.0 = Debug|Any CPU
		{362A624D-0D5A-4B24-B554-0F9B4AF5AD50}.Release|Any CPU.ActiveCfg = Release|Any CPU
		{362A624D-0D5A-4B24-B554-0F9B4AF5AD50}.Release|Any CPU.Build.0 = Release|Any CPU
	EndGlobalSection
	GlobalSection(SolutionProperties) = preSolution
		HideSolutionNode = FALSE
	EndGlobalSection
	GlobalSection(ExtensibilityGlobals) = postSolution
		SolutionGuid = {22E29D53-64AF-4E38-94E2-77EB23BDE8E9}
	EndGlobalSection
EndGlobal
